
Microsoft Visual Studio Solution File, Format Version 12.00
# Visual Studio 14
VisualStudioVersion = 14.0.25420.1
MinimumVisualStudioVersion = 10.0.40219.1
Project("{8BC9CEB8-8B4A-11D0-8D11-00A0C91BC942}") = "Jewel3D", "Engine\Jewel3D.vcxproj", "{3954E1F3-B90E-4883-AD0A-5EEF757A3726}"
EndProject
Project("{2150E333-8FDC-42A3-9474-1A3956D46DE8}") = "Tools", "Tools", "{7EFC9B41-1C48-4AE3-98F8-A5EA701459C0}"
EndProject
Project("{8BC9CEB8-8B4A-11D0-8D11-00A0C91BC942}") = "FontEncoder", "Tools\FontEncoder\FontEncoder.vcxproj", "{8BBA958D-BB68-4BC7-8A3A-3716808540E4}"
	ProjectSection(ProjectDependencies) = postProject
		{3954E1F3-B90E-4883-AD0A-5EEF757A3726} = {3954E1F3-B90E-4883-AD0A-5EEF757A3726}
	EndProjectSection
EndProject
Project("{8BC9CEB8-8B4A-11D0-8D11-00A0C91BC942}") = "TemplateProject", "Tools\TemplateProject\TemplateProject.vcxproj", "{2B9B0F54-5AC3-4F53-8AEC-3D2DFEE1E931}"
	ProjectSection(ProjectDependencies) = postProject
		{3954E1F3-B90E-4883-AD0A-5EEF757A3726} = {3954E1F3-B90E-4883-AD0A-5EEF757A3726}
	EndProjectSection
EndProject
Project("{8BC9CEB8-8B4A-11D0-8D11-00A0C91BC942}") = "UnitTests", "Engine\UnitTests.vcxproj", "{9479F93A-910C-44D3-A8C9-A56C98E16D9A}"
	ProjectSection(ProjectDependencies) = postProject
		{3954E1F3-B90E-4883-AD0A-5EEF757A3726} = {3954E1F3-B90E-4883-AD0A-5EEF757A3726}
	EndProjectSection
EndProject
Project("{FAE04EC0-301F-11D3-BF4B-00C04F79EFBC}") = "AssetManager", "Tools\AssetManager\AssetManager.csproj", "{6099E7AD-99A7-4EB4-B3C7-D35EE1184BA5}"
	ProjectSection(ProjectDependencies) = postProject
		{99A4C321-FA72-4426-94BF-F16431D8C77F} = {99A4C321-FA72-4426-94BF-F16431D8C77F}
		{8BBA958D-BB68-4BC7-8A3A-3716808540E4} = {8BBA958D-BB68-4BC7-8A3A-3716808540E4}
	EndProjectSection
EndProject
Project("{8BC9CEB8-8B4A-11D0-8D11-00A0C91BC942}") = "MeshEncoder", "Tools\MeshEncoder\MeshEncoder.vcxproj", "{99A4C321-FA72-4426-94BF-F16431D8C77F}"
	ProjectSection(ProjectDependencies) = postProject
		{3954E1F3-B90E-4883-AD0A-5EEF757A3726} = {3954E1F3-B90E-4883-AD0A-5EEF757A3726}
	EndProjectSection
EndProject
Global
	GlobalSection(SolutionConfigurationPlatforms) = preSolution
		Debug|Any CPU = Debug|Any CPU
		Debug|Win32 = Debug|Win32
		Debug|x64 = Debug|x64
		Release|Any CPU = Release|Any CPU
		Release|Win32 = Release|Win32
		Release|x64 = Release|x64
		ReleaseWithExceptions|Any CPU = ReleaseWithExceptions|Any CPU
		ReleaseWithExceptions|Win32 = ReleaseWithExceptions|Win32
		ReleaseWithExceptions|x64 = ReleaseWithExceptions|x64
	EndGlobalSection
	GlobalSection(ProjectConfigurationPlatforms) = postSolution
		{3954E1F3-B90E-4883-AD0A-5EEF757A3726}.Debug|Any CPU.ActiveCfg = Debug|Win32
		{3954E1F3-B90E-4883-AD0A-5EEF757A3726}.Debug|Win32.ActiveCfg = Debug|Win32
		{3954E1F3-B90E-4883-AD0A-5EEF757A3726}.Debug|Win32.Build.0 = Debug|Win32
		{3954E1F3-B90E-4883-AD0A-5EEF757A3726}.Debug|x64.ActiveCfg = Debug|Win32
		{3954E1F3-B90E-4883-AD0A-5EEF757A3726}.Release|Any CPU.ActiveCfg = Release|Win32
		{3954E1F3-B90E-4883-AD0A-5EEF757A3726}.Release|Win32.ActiveCfg = Release|Win32
		{3954E1F3-B90E-4883-AD0A-5EEF757A3726}.Release|Win32.Build.0 = Release|Win32
		{3954E1F3-B90E-4883-AD0A-5EEF757A3726}.Release|x64.ActiveCfg = Release|Win32
		{3954E1F3-B90E-4883-AD0A-5EEF757A3726}.ReleaseWithExceptions|Any CPU.ActiveCfg = ReleaseWithExceptions|Win32
		{3954E1F3-B90E-4883-AD0A-5EEF757A3726}.ReleaseWithExceptions|Win32.ActiveCfg = ReleaseWithExceptions|Win32
		{3954E1F3-B90E-4883-AD0A-5EEF757A3726}.ReleaseWithExceptions|Win32.Build.0 = ReleaseWithExceptions|Win32
		{3954E1F3-B90E-4883-AD0A-5EEF757A3726}.ReleaseWithExceptions|x64.ActiveCfg = ReleaseWithExceptions|Win32
		{8BBA958D-BB68-4BC7-8A3A-3716808540E4}.Debug|Any CPU.ActiveCfg = Debug|Win32
		{8BBA958D-BB68-4BC7-8A3A-3716808540E4}.Debug|Win32.ActiveCfg = Debug|Win32
		{8BBA958D-BB68-4BC7-8A3A-3716808540E4}.Debug|Win32.Build.0 = Debug|Win32
		{8BBA958D-BB68-4BC7-8A3A-3716808540E4}.Debug|x64.ActiveCfg = Debug|Win32
		{8BBA958D-BB68-4BC7-8A3A-3716808540E4}.ReleaseWithExceptions|Any CPU.ActiveCfg = Release|Win32
		{8BBA958D-BB68-4BC7-8A3A-3716808540E4}.ReleaseWithExceptions|Win32.ActiveCfg = Release|Win32
		{8BBA958D-BB68-4BC7-8A3A-3716808540E4}.ReleaseWithExceptions|x64.ActiveCfg = Release|Win32
		{8BBA958D-BB68-4BC7-8A3A-3716808540E4}.ReleaseWithExceptions|x64.Build.0 = Release|Win32
		{2B9B0F54-5AC3-4F53-8AEC-3D2DFEE1E931}.Debug|Any CPU.ActiveCfg = Debug|Win32
		{2B9B0F54-5AC3-4F53-8AEC-3D2DFEE1E931}.Debug|Win32.ActiveCfg = Debug|Win32
		{2B9B0F54-5AC3-4F53-8AEC-3D2DFEE1E931}.Debug|Win32.Build.0 = Debug|Win32
		{2B9B0F54-5AC3-4F53-8AEC-3D2DFEE1E931}.Debug|x64.ActiveCfg = Debug|Win32
		{2B9B0F54-5AC3-4F53-8AEC-3D2DFEE1E931}.Release|Any CPU.ActiveCfg = Release|Win32
		{2B9B0F54-5AC3-4F53-8AEC-3D2DFEE1E931}.Release|Win32.ActiveCfg = Release|Win32
		{2B9B0F54-5AC3-4F53-8AEC-3D2DFEE1E931}.Release|Win32.Build.0 = Release|Win32
		{2B9B0F54-5AC3-4F53-8AEC-3D2DFEE1E931}.Release|x64.ActiveCfg = Release|Win32
		{2B9B0F54-5AC3-4F53-8AEC-3D2DFEE1E931}.ReleaseWithExceptions|Any CPU.ActiveCfg = Release|Win32
		{2B9B0F54-5AC3-4F53-8AEC-3D2DFEE1E931}.ReleaseWithExceptions|Win32.ActiveCfg = Release|Win32
		{2B9B0F54-5AC3-4F53-8AEC-3D2DFEE1E931}.ReleaseWithExceptions|x64.ActiveCfg = Release|Win32
		{2B9B0F54-5AC3-4F53-8AEC-3D2DFEE1E931}.ReleaseWithExceptions|x64.Build.0 = Release|Win32
		{9479F93A-910C-44D3-A8C9-A56C98E16D9A}.Debug|Any CPU.ActiveCfg = Debug|Win32
		{9479F93A-910C-44D3-A8C9-A56C98E16D9A}.Debug|Win32.ActiveCfg = Debug|Win32
		{9479F93A-910C-44D3-A8C9-A56C98E16D9A}.Debug|Win32.Build.0 = Debug|Win32
		{9479F93A-910C-44D3-A8C9-A56C98E16D9A}.Debug|x64.ActiveCfg = Debug|Win32
		{9479F93A-910C-44D3-A8C9-A56C98E16D9A}.Release|Any CPU.ActiveCfg = ReleaseWithExceptions|Win32
		{9479F93A-910C-44D3-A8C9-A56C98E16D9A}.Release|Any CPU.Build.0 = ReleaseWithExceptions|Win32
		{9479F93A-910C-44D3-A8C9-A56C98E16D9A}.Release|Win32.ActiveCfg = ReleaseWithExceptions|Win32
		{9479F93A-910C-44D3-A8C9-A56C98E16D9A}.Release|x64.ActiveCfg = ReleaseWithExceptions|Win32
		{9479F93A-910C-44D3-A8C9-A56C98E16D9A}.Release|x64.Build.0 = ReleaseWithExceptions|Win32
		{9479F93A-910C-44D3-A8C9-A56C98E16D9A}.ReleaseWithExceptions|Any CPU.ActiveCfg = ReleaseWithExceptions|Win32
		{9479F93A-910C-44D3-A8C9-A56C98E16D9A}.ReleaseWithExceptions|Win32.ActiveCfg = ReleaseWithExceptions|Win32
		{9479F93A-910C-44D3-A8C9-A56C98E16D9A}.ReleaseWithExceptions|Win32.Build.0 = ReleaseWithExceptions|Win32
		{9479F93A-910C-44D3-A8C9-A56C98E16D9A}.ReleaseWithExceptions|x64.ActiveCfg = ReleaseWithExceptions|Win32
		{6099E7AD-99A7-4EB4-B3C7-D35EE1184BA5}.Debug|Any CPU.ActiveCfg = Debug|Any CPU
		{6099E7AD-99A7-4EB4-B3C7-D35EE1184BA5}.Debug|Any CPU.Build.0 = Debug|Any CPU
		{6099E7AD-99A7-4EB4-B3C7-D35EE1184BA5}.Debug|Win32.ActiveCfg = Debug|Any CPU
		{6099E7AD-99A7-4EB4-B3C7-D35EE1184BA5}.Debug|Win32.Build.0 = Debug|Any CPU
		{6099E7AD-99A7-4EB4-B3C7-D35EE1184BA5}.Debug|x64.ActiveCfg = Debug|Any CPU
		{6099E7AD-99A7-4EB4-B3C7-D35EE1184BA5}.Debug|x64.Build.0 = Debug|Any CPU
		{6099E7AD-99A7-4EB4-B3C7-D35EE1184BA5}.Release|Any CPU.ActiveCfg = Release|Any CPU
		{6099E7AD-99A7-4EB4-B3C7-D35EE1184BA5}.Release|Any CPU.Build.0 = Release|Any CPU
		{6099E7AD-99A7-4EB4-B3C7-D35EE1184BA5}.Release|Win32.ActiveCfg = Release|Any CPU
		{6099E7AD-99A7-4EB4-B3C7-D35EE1184BA5}.Release|Win32.Build.0 = Release|Any CPU
		{6099E7AD-99A7-4EB4-B3C7-D35EE1184BA5}.Release|x64.ActiveCfg = Release|Any CPU
		{6099E7AD-99A7-4EB4-B3C7-D35EE1184BA5}.Release|x64.Build.0 = Release|Any CPU
		{99A4C321-FA72-4426-94BF-F16431D8C77F}.Debug|Any CPU.ActiveCfg = Debug|Win32
		{99A4C321-FA72-4426-94BF-F16431D8C77F}.Debug|Win32.ActiveCfg = Debug|Win32
		{99A4C321-FA72-4426-94BF-F16431D8C77F}.Debug|Win32.Build.0 = Debug|Win32
		{99A4C321-FA72-4426-94BF-F16431D8C77F}.Debug|x64.ActiveCfg = Debug|Win32
		{99A4C321-FA72-4426-94BF-F16431D8C77F}.Release|Any CPU.ActiveCfg = Release|Win32
		{99A4C321-FA72-4426-94BF-F16431D8C77F}.Release|Win32.ActiveCfg = Release|Win32
		{99A4C321-FA72-4426-94BF-F16431D8C77F}.Release|Win32.Build.0 = Release|Win32
		{99A4C321-FA72-4426-94BF-F16431D8C77F}.Release|x64.ActiveCfg = Release|Win32
	EndGlobalSection
	GlobalSection(SolutionProperties) = preSolution
		HideSolutionNode = FALSE
	EndGlobalSection
	GlobalSection(NestedProjects) = preSolution
		{8BBA958D-BB68-4BC7-8A3A-3716808540E4} = {7EFC9B41-1C48-4AE3-98F8-A5EA701459C0}
		{2B9B0F54-5AC3-4F53-8AEC-3D2DFEE1E931} = {7EFC9B41-1C48-4AE3-98F8-A5EA701459C0}
		{6099E7AD-99A7-4EB4-B3C7-D35EE1184BA5} = {7EFC9B41-1C48-4AE3-98F8-A5EA701459C0}
		{99A4C321-FA72-4426-94BF-F16431D8C77F} = {7EFC9B41-1C48-4AE3-98F8-A5EA701459C0}
	EndGlobalSection
EndGlobal
