<?xml version="1.0" encoding="utf-8"?>
<Project ToolsVersion="4.0" xmlns="http://schemas.microsoft.com/developer/msbuild/2003">
  <ItemGroup>
    <Filter Include="Application">
      <UniqueIdentifier>{c0a366b5-88e9-4b8c-a32d-a92a4366a839}</UniqueIdentifier>
    </Filter>
    <Filter Include="Math">
      <UniqueIdentifier>{1de13dfa-ec6a-4480-99af-bee3bf9a8e05}</UniqueIdentifier>
    </Filter>
    <Filter Include="Entity">
      <UniqueIdentifier>{54c79a28-82d7-4a2d-a243-73ad44bd3d6c}</UniqueIdentifier>
    </Filter>
    <Filter Include="Utilities">
      <UniqueIdentifier>{bc36e282-503b-40d9-8dee-d64a2a265ecb}</UniqueIdentifier>
    </Filter>
  </ItemGroup>
  <ItemGroup>
    <ClCompile Include="UnitTests\main.cpp" />
    <ClCompile Include="UnitTests\EntityComponentSystem.cpp">
      <Filter>Entity</Filter>
    </ClCompile>
    <ClCompile Include="UnitTests\FileSystem.cpp">
      <Filter>Application</Filter>
    </ClCompile>
    <ClCompile Include="UnitTests\Math.cpp">
      <Filter>Math</Filter>
    </ClCompile>
    <ClCompile Include="UnitTests\String.cpp">
      <Filter>Utilities</Filter>
    </ClCompile>
    <ClCompile Include="UnitTests\Hierarchy.cpp">
      <Filter>Entity</Filter>
    </ClCompile>
    <ClCompile Include="UnitTests\EnumFlags.cpp">
      <Filter>Utilities</Filter>
    </ClCompile>
  </ItemGroup>
</Project>