<?xml version="1.0" encoding="utf-8"?>
<Project ToolsVersion="4.0" xmlns="http://schemas.microsoft.com/developer/msbuild/2003">
  <ItemGroup>
    <Filter Include="Resource Files">
      <UniqueIdentifier>{67DA6AB6-F800-4c08-8B7A-83BB121AAD01}</UniqueIdentifier>
      <Extensions>rc;ico;cur;bmp;dlg;rc2;rct;bin;rgs;gif;jpg;jpeg;jpe;resx;tiff;tif;png;wav;mfcribbon-ms</Extensions>
    </Filter>
    <Filter Include="Source">
      <UniqueIdentifier>{62fb0277-f5bd-4fdd-8813-25c92148ad0e}</UniqueIdentifier>
    </Filter>
    <Filter Include="Assets">
      <UniqueIdentifier>{e579fa6b-7b5d-4b1b-8986-cca3f5d4c109}</UniqueIdentifier>
    </Filter>
    <Filter Include="Assets\Shaders">
      <UniqueIdentifier>{b8b34e2d-d924-4edf-aa4d-08c516d88362}</UniqueIdentifier>
    </Filter>
    <Filter Include="Assets\Shaders\Default">
      <UniqueIdentifier>{ad45dfd3-b245-4dfe-81d6-37302102494f}</UniqueIdentifier>
    </Filter>
  </ItemGroup>
  <ItemGroup>
    <None Include="Assets\Shaders\Default\Font.shader">
      <Filter>Assets\Shaders\Default</Filter>
    </None>
    <None Include="Settings.cfg" />
    <None Include="Assets\Shaders\Default\ParticleBillBoard.shader">
      <Filter>Assets\Shaders\Default</Filter>
    </None>
    <None Include="Assets\Shaders\Default\Sprite.shader">
      <Filter>Assets\Shaders\Default</Filter>
    </None>
    <None Include="Assets\Shaders\Default\Lambert.shader">
      <Filter>Assets\Shaders\Default</Filter>
    </None>
  </ItemGroup>
  <ItemGroup>
    <ClCompile Include="Source\Game.cpp">
      <Filter>Source</Filter>
    </ClCompile>
    <ClCompile Include="Source\main.cpp">
      <Filter>Source</Filter>
    </ClCompile>
  </ItemGroup>
  <ItemGroup>
    <ClInclude Include="Source\Game.h">
      <Filter>Source</Filter>
    </ClInclude>
  </ItemGroup>
</Project>